
Microsoft Visual Studio Solution File, Format Version 12.00
# Visual Studio Version 17
VisualStudioVersion = 17.11.35327.3
MinimumVisualStudioVersion = 10.0.40219.1
Project("{9A19103F-16F7-4668-BE54-9A1E7A4F7556}") = "ReserveAqui", "ReserveAqui\ReserveAqui.csproj", "{5AFDFD24-8453-4BB9-9D6C-78B3AF22C8FE}"
EndProject
Global
	GlobalSection(SolutionConfigurationPlatforms) = preSolution
		Debug|Any CPU = Debug|Any CPU
		Release|Any CPU = Release|Any CPU
	EndGlobalSection
	GlobalSection(ProjectConfigurationPlatforms) = postSolution
		{5AFDFD24-8453-4BB9-9D6C-78B3AF22C8FE}.Debug|Any CPU.ActiveCfg = Debug|Any CPU
		{5AFDFD24-8453-4BB9-9D6C-78B3AF22C8FE}.Debug|Any CPU.Build.0 = Debug|Any CPU
		{5AFDFD24-8453-4BB9-9D6C-78B3AF22C8FE}.Release|Any CPU.ActiveCfg = Release|Any CPU
		{5AFDFD24-8453-4BB9-9D6C-78B3AF22C8FE}.Release|Any CPU.Build.0 = Release|Any CPU
	EndGlobalSection
	GlobalSection(SolutionProperties) = preSolution
		HideSolutionNode = FALSE
	EndGlobalSection
	GlobalSection(ExtensibilityGlobals) = postSolution
		SolutionGuid = {9430D319-C7E4-4DD8-B48C-42DA1E86C9C8}
	EndGlobalSection
EndGlobal
